
Microsoft Visual Studio Solution File, Format Version 12.00
# Visual Studio 15
VisualStudioVersion = 15.0.26730.16
MinimumVisualStudioVersion = 10.0.40219.1
Project("{F184B08F-C81C-45F6-A57F-5ABD9991F28F}") = "WindowsApp1", "WindowsApp1\WindowsApp1.vbproj", "{1B48539B-00EB-478D-AB41-2028D66507EA}"
EndProject
Global
	GlobalSection(SolutionConfigurationPlatforms) = preSolution
		Debug|Any CPU = Debug|Any CPU
		Release|Any CPU = Release|Any CPU
	EndGlobalSection
	GlobalSection(ProjectConfigurationPlatforms) = postSolution
		{1B48539B-00EB-478D-AB41-2028D66507EA}.Debug|Any CPU.ActiveCfg = Debug|Any CPU
		{1B48539B-00EB-478D-AB41-2028D66507EA}.Debug|Any CPU.Build.0 = Debug|Any CPU
		{1B48539B-00EB-478D-AB41-2028D66507EA}.Release|Any CPU.ActiveCfg = Release|Any CPU
		{1B48539B-00EB-478D-AB41-2028D66507EA}.Release|Any CPU.Build.0 = Release|Any CPU
	EndGlobalSection
	GlobalSection(SolutionProperties) = preSolution
		HideSolutionNode = FALSE
	EndGlobalSection
	GlobalSection(ExtensibilityGlobals) = postSolution
		SolutionGuid = {9287F310-C4BE-4DB4-8EFC-2C5B5762CF8F}
	EndGlobalSection
EndGlobal
